
Microsoft Visual Studio Solution File, Format Version 12.00
# Visual Studio Version 16
VisualStudioVersion = 16.0.29609.76
MinimumVisualStudioVersion = 10.0.40219.1
Project("{FAE04EC0-301F-11D3-BF4B-00C04F79EFBC}") = "Server", "Server\Server.csproj", "{298210E8-EB18-4BA1-8B19-AC11C92B9265}"
EndProject
Project("{FAE04EC0-301F-11D3-BF4B-00C04F79EFBC}") = "ClientLib", "ClientLib\ClientLib.csproj", "{A31D2506-E66E-4E69-8581-6AD4B52B7998}"
EndProject
Project("{FAE04EC0-301F-11D3-BF4B-00C04F79EFBC}") = "ClientApplication", "ClientApplication\ClientApplication.csproj", "{C8FF6C54-CE6F-4E40-BA44-CA26961F22C2}"
EndProject
Global
	GlobalSection(SolutionConfigurationPlatforms) = preSolution
		Debug|Any CPU = Debug|Any CPU
		Release|Any CPU = Release|Any CPU
	EndGlobalSection
	GlobalSection(ProjectConfigurationPlatforms) = postSolution
		{298210E8-EB18-4BA1-8B19-AC11C92B9265}.Debug|Any CPU.ActiveCfg = Debug|Any CPU
		{298210E8-EB18-4BA1-8B19-AC11C92B9265}.Debug|Any CPU.Build.0 = Debug|Any CPU
		{298210E8-EB18-4BA1-8B19-AC11C92B9265}.Release|Any CPU.ActiveCfg = Release|Any CPU
		{298210E8-EB18-4BA1-8B19-AC11C92B9265}.Release|Any CPU.Build.0 = Release|Any CPU
		{A31D2506-E66E-4E69-8581-6AD4B52B7998}.Debug|Any CPU.ActiveCfg = Debug|Any CPU
		{A31D2506-E66E-4E69-8581-6AD4B52B7998}.Debug|Any CPU.Build.0 = Debug|Any CPU
		{A31D2506-E66E-4E69-8581-6AD4B52B7998}.Release|Any CPU.ActiveCfg = Release|Any CPU
		{A31D2506-E66E-4E69-8581-6AD4B52B7998}.Release|Any CPU.Build.0 = Release|Any CPU
		{C8FF6C54-CE6F-4E40-BA44-CA26961F22C2}.Debug|Any CPU.ActiveCfg = Debug|Any CPU
		{C8FF6C54-CE6F-4E40-BA44-CA26961F22C2}.Debug|Any CPU.Build.0 = Debug|Any CPU
		{C8FF6C54-CE6F-4E40-BA44-CA26961F22C2}.Release|Any CPU.ActiveCfg = Release|Any CPU
		{C8FF6C54-CE6F-4E40-BA44-CA26961F22C2}.Release|Any CPU.Build.0 = Release|Any CPU
	EndGlobalSection
	GlobalSection(SolutionProperties) = preSolution
		HideSolutionNode = FALSE
	EndGlobalSection
	GlobalSection(ExtensibilityGlobals) = postSolution
		SolutionGuid = {115A78CC-2763-4092-97BF-D4C1C4EF53F4}
	EndGlobalSection
EndGlobal
